
Microsoft Visual Studio Solution File, Format Version 12.00
# Visual Studio Version 17
VisualStudioVersion = 17.14.36327.8
MinimumVisualStudioVersion = 10.0.40219.1
Project("{FAE04EC0-301F-11D3-BF4B-00C04F79EFBC}") = "GrpcServer", "GrpcServer\GrpcServer.csproj", "{F7EBC8C9-533A-416B-B92D-5CE7F1205B25}"
EndProject
Project("{FAE04EC0-301F-11D3-BF4B-00C04F79EFBC}") = "GrpcClient", "GrpcClient\GrpcClient.csproj", "{5889C177-B654-48F7-92E2-98A59B843CF8}"
EndProject
Project("{FAE04EC0-301F-11D3-BF4B-00C04F79EFBC}") = "GrpcCommon", "GrpcCommon\GrpcCommon.csproj", "{2C4D2411-729A-4BBD-BE95-AE23709A6A25}"
EndProject
Global
	GlobalSection(SolutionConfigurationPlatforms) = preSolution
		Debug|Any CPU = Debug|Any CPU
		Release|Any CPU = Release|Any CPU
	EndGlobalSection
	GlobalSection(ProjectConfigurationPlatforms) = postSolution
		{F7EBC8C9-533A-416B-B92D-5CE7F1205B25}.Debug|Any CPU.ActiveCfg = Debug|Any CPU
		{F7EBC8C9-533A-416B-B92D-5CE7F1205B25}.Debug|Any CPU.Build.0 = Debug|Any CPU
		{F7EBC8C9-533A-416B-B92D-5CE7F1205B25}.Release|Any CPU.ActiveCfg = Release|Any CPU
		{F7EBC8C9-533A-416B-B92D-5CE7F1205B25}.Release|Any CPU.Build.0 = Release|Any CPU
		{5889C177-B654-48F7-92E2-98A59B843CF8}.Debug|Any CPU.ActiveCfg = Debug|Any CPU
		{5889C177-B654-48F7-92E2-98A59B843CF8}.Debug|Any CPU.Build.0 = Debug|Any CPU
		{5889C177-B654-48F7-92E2-98A59B843CF8}.Release|Any CPU.ActiveCfg = Release|Any CPU
		{5889C177-B654-48F7-92E2-98A59B843CF8}.Release|Any CPU.Build.0 = Release|Any CPU
		{2C4D2411-729A-4BBD-BE95-AE23709A6A25}.Debug|Any CPU.ActiveCfg = Debug|Any CPU
		{2C4D2411-729A-4BBD-BE95-AE23709A6A25}.Debug|Any CPU.Build.0 = Debug|Any CPU
		{2C4D2411-729A-4BBD-BE95-AE23709A6A25}.Release|Any CPU.ActiveCfg = Release|Any CPU
		{2C4D2411-729A-4BBD-BE95-AE23709A6A25}.Release|Any CPU.Build.0 = Release|Any CPU
	EndGlobalSection
	GlobalSection(SolutionProperties) = preSolution
		HideSolutionNode = FALSE
	EndGlobalSection
	GlobalSection(ExtensibilityGlobals) = postSolution
		SolutionGuid = {49A9CE24-6CC9-4073-BA24-E04A89FFF895}
	EndGlobalSection
EndGlobal
